
Microsoft Visual Studio Solution File, Format Version 12.00
# Visual Studio Version 16
VisualStudioVersion = 16.0.30413.136
MinimumVisualStudioVersion = 10.0.40219.1
Project("{FAE04EC0-301F-11D3-BF4B-00C04F79EFBC}") = "Formuls_master", "Formuls_master\Formuls_master.csproj", "{5A3898EB-3E5E-4AEC-A2B1-24DD17F2B92F}"
EndProject
Project("{FAE04EC0-301F-11D3-BF4B-00C04F79EFBC}") = "BL", "BL\BL.csproj", "{0CC9D574-7DF8-418E-8D14-0DA5904F1F1F}"
EndProject
Project("{FAE04EC0-301F-11D3-BF4B-00C04F79EFBC}") = "Model", "Model\Model.csproj", "{768DA9D2-BFD9-4AF2-A5F9-F12914CEC909}"
EndProject
Global
	GlobalSection(SolutionConfigurationPlatforms) = preSolution
		Debug|Any CPU = Debug|Any CPU
		Release|Any CPU = Release|Any CPU
	EndGlobalSection
	GlobalSection(ProjectConfigurationPlatforms) = postSolution
		{5A3898EB-3E5E-4AEC-A2B1-24DD17F2B92F}.Debug|Any CPU.ActiveCfg = Debug|Any CPU
		{5A3898EB-3E5E-4AEC-A2B1-24DD17F2B92F}.Debug|Any CPU.Build.0 = Debug|Any CPU
		{5A3898EB-3E5E-4AEC-A2B1-24DD17F2B92F}.Release|Any CPU.ActiveCfg = Release|Any CPU
		{5A3898EB-3E5E-4AEC-A2B1-24DD17F2B92F}.Release|Any CPU.Build.0 = Release|Any CPU
		{0CC9D574-7DF8-418E-8D14-0DA5904F1F1F}.Debug|Any CPU.ActiveCfg = Debug|Any CPU
		{0CC9D574-7DF8-418E-8D14-0DA5904F1F1F}.Debug|Any CPU.Build.0 = Debug|Any CPU
		{0CC9D574-7DF8-418E-8D14-0DA5904F1F1F}.Release|Any CPU.ActiveCfg = Release|Any CPU
		{0CC9D574-7DF8-418E-8D14-0DA5904F1F1F}.Release|Any CPU.Build.0 = Release|Any CPU
		{768DA9D2-BFD9-4AF2-A5F9-F12914CEC909}.Debug|Any CPU.ActiveCfg = Debug|Any CPU
		{768DA9D2-BFD9-4AF2-A5F9-F12914CEC909}.Debug|Any CPU.Build.0 = Debug|Any CPU
		{768DA9D2-BFD9-4AF2-A5F9-F12914CEC909}.Release|Any CPU.ActiveCfg = Release|Any CPU
		{768DA9D2-BFD9-4AF2-A5F9-F12914CEC909}.Release|Any CPU.Build.0 = Release|Any CPU
	EndGlobalSection
	GlobalSection(SolutionProperties) = preSolution
		HideSolutionNode = FALSE
	EndGlobalSection
	GlobalSection(ExtensibilityGlobals) = postSolution
		SolutionGuid = {7BD83084-0FAD-477A-9848-45E9BA4DF83E}
	EndGlobalSection
EndGlobal
